
Microsoft Visual Studio Solution File, Format Version 12.00
# Visual Studio Version 17
VisualStudioVersion = 17.8.34408.163
MinimumVisualStudioVersion = 10.0.40219.1
Project("{9A19103F-16F7-4668-BE54-9A1E7A4F7556}") = "Clase 1504", "Clase 1504\Clase 1504.csproj", "{BD8C77BA-62F6-4B61-B917-F128934800C9}"
EndProject
Project("{9A19103F-16F7-4668-BE54-9A1E7A4F7556}") = "Clase2204", "Clase2204\Clase2204.csproj", "{19FAC97D-5A59-4E85-B73D-53B520868D43}"
EndProject
Project("{9A19103F-16F7-4668-BE54-9A1E7A4F7556}") = "Bucles - Clase 2204", "Bucles - Clase 2204\Bucles - Clase 2204.csproj", "{1CA83CB9-D470-44B6-B033-A0625220C258}"
EndProject
Project("{FAE04EC0-301F-11D3-BF4B-00C04F79EFBC}") = "Clase 2904", "Clase 2904\Clase 2904.csproj", "{5FA9FF9A-63A5-46F0-A0AF-327B103D0D06}"
EndProject
Project("{FAE04EC0-301F-11D3-BF4B-00C04F79EFBC}") = "Clase 2904-2", "Clase 2904-2\Clase 2904-2.csproj", "{4098E8FE-6646-476A-AF3E-7F360DD362F7}"
EndProject
Project("{FAE04EC0-301F-11D3-BF4B-00C04F79EFBC}") = "Clase 2904-3", "Clase 2904-3\Clase 2904-3.csproj", "{46D84C11-34C7-4C64-A8E5-52346CC9F1CF}"
EndProject
Global
	GlobalSection(SolutionConfigurationPlatforms) = preSolution
		Debug|Any CPU = Debug|Any CPU
		Release|Any CPU = Release|Any CPU
	EndGlobalSection
	GlobalSection(ProjectConfigurationPlatforms) = postSolution
		{BD8C77BA-62F6-4B61-B917-F128934800C9}.Debug|Any CPU.ActiveCfg = Debug|Any CPU
		{BD8C77BA-62F6-4B61-B917-F128934800C9}.Debug|Any CPU.Build.0 = Debug|Any CPU
		{BD8C77BA-62F6-4B61-B917-F128934800C9}.Release|Any CPU.ActiveCfg = Release|Any CPU
		{BD8C77BA-62F6-4B61-B917-F128934800C9}.Release|Any CPU.Build.0 = Release|Any CPU
		{19FAC97D-5A59-4E85-B73D-53B520868D43}.Debug|Any CPU.ActiveCfg = Debug|Any CPU
		{19FAC97D-5A59-4E85-B73D-53B520868D43}.Debug|Any CPU.Build.0 = Debug|Any CPU
		{19FAC97D-5A59-4E85-B73D-53B520868D43}.Release|Any CPU.ActiveCfg = Release|Any CPU
		{19FAC97D-5A59-4E85-B73D-53B520868D43}.Release|Any CPU.Build.0 = Release|Any CPU
		{1CA83CB9-D470-44B6-B033-A0625220C258}.Debug|Any CPU.ActiveCfg = Debug|Any CPU
		{1CA83CB9-D470-44B6-B033-A0625220C258}.Debug|Any CPU.Build.0 = Debug|Any CPU
		{1CA83CB9-D470-44B6-B033-A0625220C258}.Release|Any CPU.ActiveCfg = Release|Any CPU
		{1CA83CB9-D470-44B6-B033-A0625220C258}.Release|Any CPU.Build.0 = Release|Any CPU
		{5FA9FF9A-63A5-46F0-A0AF-327B103D0D06}.Debug|Any CPU.ActiveCfg = Debug|Any CPU
		{5FA9FF9A-63A5-46F0-A0AF-327B103D0D06}.Debug|Any CPU.Build.0 = Debug|Any CPU
		{5FA9FF9A-63A5-46F0-A0AF-327B103D0D06}.Release|Any CPU.ActiveCfg = Release|Any CPU
		{5FA9FF9A-63A5-46F0-A0AF-327B103D0D06}.Release|Any CPU.Build.0 = Release|Any CPU
		{4098E8FE-6646-476A-AF3E-7F360DD362F7}.Debug|Any CPU.ActiveCfg = Debug|Any CPU
		{4098E8FE-6646-476A-AF3E-7F360DD362F7}.Debug|Any CPU.Build.0 = Debug|Any CPU
		{4098E8FE-6646-476A-AF3E-7F360DD362F7}.Release|Any CPU.ActiveCfg = Release|Any CPU
		{4098E8FE-6646-476A-AF3E-7F360DD362F7}.Release|Any CPU.Build.0 = Release|Any CPU
		{46D84C11-34C7-4C64-A8E5-52346CC9F1CF}.Debug|Any CPU.ActiveCfg = Debug|Any CPU
		{46D84C11-34C7-4C64-A8E5-52346CC9F1CF}.Debug|Any CPU.Build.0 = Debug|Any CPU
		{46D84C11-34C7-4C64-A8E5-52346CC9F1CF}.Release|Any CPU.ActiveCfg = Release|Any CPU
		{46D84C11-34C7-4C64-A8E5-52346CC9F1CF}.Release|Any CPU.Build.0 = Release|Any CPU
	EndGlobalSection
	GlobalSection(SolutionProperties) = preSolution
		HideSolutionNode = FALSE
	EndGlobalSection
	GlobalSection(ExtensibilityGlobals) = postSolution
		SolutionGuid = {1A2ADB17-FFC8-4E3A-8104-23366E8C99C2}
	EndGlobalSection
EndGlobal
