
Microsoft Visual Studio Solution File, Format Version 12.00
# Visual Studio Version 17
VisualStudioVersion = 17.8.34408.163
MinimumVisualStudioVersion = 10.0.40219.1
Project("{9A19103F-16F7-4668-BE54-9A1E7A4F7556}") = "Clase 1504", "Clase 1504\Clase 1504.csproj", "{BD8C77BA-62F6-4B61-B917-F128934800C9}"
EndProject
Project("{9A19103F-16F7-4668-BE54-9A1E7A4F7556}") = "Clase2204", "Clase2204\Clase2204.csproj", "{19FAC97D-5A59-4E85-B73D-53B520868D43}"
EndProject
Project("{9A19103F-16F7-4668-BE54-9A1E7A4F7556}") = "Bucles - Clase 2204", "Bucles - Clase 2204\Bucles - Clase 2204.csproj", "{1CA83CB9-D470-44B6-B033-A0625220C258}"
EndProject
Project("{9A19103F-16F7-4668-BE54-9A1E7A4F7556}") = "Clase 2904", "Clase 2904\Clase 2904.csproj", "{5FA9FF9A-63A5-46F0-A0AF-327B103D0D06}"
EndProject
Project("{9A19103F-16F7-4668-BE54-9A1E7A4F7556}") = "Clase 2904-2", "Clase 2904-2\Clase 2904-2.csproj", "{4098E8FE-6646-476A-AF3E-7F360DD362F7}"
EndProject
Project("{9A19103F-16F7-4668-BE54-9A1E7A4F7556}") = "Clase 2904-3", "Clase 2904-3\Clase 2904-3.csproj", "{46D84C11-34C7-4C64-A8E5-52346CC9F1CF}"
EndProject
Project("{9A19103F-16F7-4668-BE54-9A1E7A4F7556}") = "Menu", "Menu\Menu.csproj", "{EE14094D-7207-4C81-BA27-58BFB2ABC9D5}"
EndProject
Project("{9A19103F-16F7-4668-BE54-9A1E7A4F7556}") = "Clase 0605 Funciones", "Clase 0605 Funciones\Clase 0605 Funciones.csproj", "{9E0CDAF8-E37E-497E-9461-EA6822CC9947}"
EndProject
Project("{9A19103F-16F7-4668-BE54-9A1E7A4F7556}") = "EjercicioHerreria", "EjercicioHerreria\EjercicioHerreria.csproj", "{263E9F45-93E0-4D1A-906F-08B406525FEE}"
EndProject
Project("{9A19103F-16F7-4668-BE54-9A1E7A4F7556}") = "Listas", "Listas\Listas.csproj", "{CC5F2B42-2F7D-47AC-9AFA-7930BA55DE7C}"
EndProject
Project("{9A19103F-16F7-4668-BE54-9A1E7A4F7556}") = "POO", "POO\POO.csproj", "{F83C7624-0646-4389-81AE-7268B1D2A170}"
EndProject
Project("{9A19103F-16F7-4668-BE54-9A1E7A4F7556}") = "POO Practica", "POO Practica\POO Practica.csproj", "{0C527560-363E-44EB-AE1E-AED4CD7F5B2B}"
EndProject
Project("{9A19103F-16F7-4668-BE54-9A1E7A4F7556}") = "POO2", "POO2\POO2.csproj", "{9366EEFE-0A94-4233-A9AE-A9D28B073744}"
EndProject
Project("{9A19103F-16F7-4668-BE54-9A1E7A4F7556}") = "ProblemaAutito", "ProblemaAutito\ProblemaAutito.csproj", "{B99AB6FA-D6D1-47E3-A691-56EE63366FFD}"
EndProject
Project("{9A19103F-16F7-4668-BE54-9A1E7A4F7556}") = "ListadoTareas", "ListadoTareas\ListadoTareas.csproj", "{82FF0183-2615-4A03-A566-7B576F02DCF5}"
EndProject
Project("{9A19103F-16F7-4668-BE54-9A1E7A4F7556}") = "TareaPOO", "TareaPOO\TareaPOO.csproj", "{58CEDDBC-B222-488C-9B31-D93752BEB433}"
EndProject
Project("{9A19103F-16F7-4668-BE54-9A1E7A4F7556}") = "ListadoTareas2", "ListadoTareas2\ListadoTareas2.csproj", "{4AD7A51B-552B-40D9-8C4E-3FD3B81E1B51}"
EndProject
Global
	GlobalSection(SolutionConfigurationPlatforms) = preSolution
		Debug|Any CPU = Debug|Any CPU
		Release|Any CPU = Release|Any CPU
	EndGlobalSection
	GlobalSection(ProjectConfigurationPlatforms) = postSolution
		{BD8C77BA-62F6-4B61-B917-F128934800C9}.Debug|Any CPU.ActiveCfg = Debug|Any CPU
		{BD8C77BA-62F6-4B61-B917-F128934800C9}.Debug|Any CPU.Build.0 = Debug|Any CPU
		{BD8C77BA-62F6-4B61-B917-F128934800C9}.Release|Any CPU.ActiveCfg = Release|Any CPU
		{BD8C77BA-62F6-4B61-B917-F128934800C9}.Release|Any CPU.Build.0 = Release|Any CPU
		{19FAC97D-5A59-4E85-B73D-53B520868D43}.Debug|Any CPU.ActiveCfg = Debug|Any CPU
		{19FAC97D-5A59-4E85-B73D-53B520868D43}.Debug|Any CPU.Build.0 = Debug|Any CPU
		{19FAC97D-5A59-4E85-B73D-53B520868D43}.Release|Any CPU.ActiveCfg = Release|Any CPU
		{19FAC97D-5A59-4E85-B73D-53B520868D43}.Release|Any CPU.Build.0 = Release|Any CPU
		{1CA83CB9-D470-44B6-B033-A0625220C258}.Debug|Any CPU.ActiveCfg = Debug|Any CPU
		{1CA83CB9-D470-44B6-B033-A0625220C258}.Debug|Any CPU.Build.0 = Debug|Any CPU
		{1CA83CB9-D470-44B6-B033-A0625220C258}.Release|Any CPU.ActiveCfg = Release|Any CPU
		{1CA83CB9-D470-44B6-B033-A0625220C258}.Release|Any CPU.Build.0 = Release|Any CPU
		{5FA9FF9A-63A5-46F0-A0AF-327B103D0D06}.Debug|Any CPU.ActiveCfg = Debug|Any CPU
		{5FA9FF9A-63A5-46F0-A0AF-327B103D0D06}.Debug|Any CPU.Build.0 = Debug|Any CPU
		{5FA9FF9A-63A5-46F0-A0AF-327B103D0D06}.Release|Any CPU.ActiveCfg = Release|Any CPU
		{5FA9FF9A-63A5-46F0-A0AF-327B103D0D06}.Release|Any CPU.Build.0 = Release|Any CPU
		{4098E8FE-6646-476A-AF3E-7F360DD362F7}.Debug|Any CPU.ActiveCfg = Debug|Any CPU
		{4098E8FE-6646-476A-AF3E-7F360DD362F7}.Debug|Any CPU.Build.0 = Debug|Any CPU
		{4098E8FE-6646-476A-AF3E-7F360DD362F7}.Release|Any CPU.ActiveCfg = Release|Any CPU
		{4098E8FE-6646-476A-AF3E-7F360DD362F7}.Release|Any CPU.Build.0 = Release|Any CPU
		{46D84C11-34C7-4C64-A8E5-52346CC9F1CF}.Debug|Any CPU.ActiveCfg = Debug|Any CPU
		{46D84C11-34C7-4C64-A8E5-52346CC9F1CF}.Debug|Any CPU.Build.0 = Debug|Any CPU
		{46D84C11-34C7-4C64-A8E5-52346CC9F1CF}.Release|Any CPU.ActiveCfg = Release|Any CPU
		{46D84C11-34C7-4C64-A8E5-52346CC9F1CF}.Release|Any CPU.Build.0 = Release|Any CPU
		{EE14094D-7207-4C81-BA27-58BFB2ABC9D5}.Debug|Any CPU.ActiveCfg = Debug|Any CPU
		{EE14094D-7207-4C81-BA27-58BFB2ABC9D5}.Debug|Any CPU.Build.0 = Debug|Any CPU
		{EE14094D-7207-4C81-BA27-58BFB2ABC9D5}.Release|Any CPU.ActiveCfg = Release|Any CPU
		{EE14094D-7207-4C81-BA27-58BFB2ABC9D5}.Release|Any CPU.Build.0 = Release|Any CPU
		{9E0CDAF8-E37E-497E-9461-EA6822CC9947}.Debug|Any CPU.ActiveCfg = Debug|Any CPU
		{9E0CDAF8-E37E-497E-9461-EA6822CC9947}.Debug|Any CPU.Build.0 = Debug|Any CPU
		{9E0CDAF8-E37E-497E-9461-EA6822CC9947}.Release|Any CPU.ActiveCfg = Release|Any CPU
		{9E0CDAF8-E37E-497E-9461-EA6822CC9947}.Release|Any CPU.Build.0 = Release|Any CPU
		{263E9F45-93E0-4D1A-906F-08B406525FEE}.Debug|Any CPU.ActiveCfg = Debug|Any CPU
		{263E9F45-93E0-4D1A-906F-08B406525FEE}.Debug|Any CPU.Build.0 = Debug|Any CPU
		{263E9F45-93E0-4D1A-906F-08B406525FEE}.Release|Any CPU.ActiveCfg = Release|Any CPU
		{263E9F45-93E0-4D1A-906F-08B406525FEE}.Release|Any CPU.Build.0 = Release|Any CPU
		{CC5F2B42-2F7D-47AC-9AFA-7930BA55DE7C}.Debug|Any CPU.ActiveCfg = Debug|Any CPU
		{CC5F2B42-2F7D-47AC-9AFA-7930BA55DE7C}.Debug|Any CPU.Build.0 = Debug|Any CPU
		{CC5F2B42-2F7D-47AC-9AFA-7930BA55DE7C}.Release|Any CPU.ActiveCfg = Release|Any CPU
		{CC5F2B42-2F7D-47AC-9AFA-7930BA55DE7C}.Release|Any CPU.Build.0 = Release|Any CPU
		{F83C7624-0646-4389-81AE-7268B1D2A170}.Debug|Any CPU.ActiveCfg = Debug|Any CPU
		{F83C7624-0646-4389-81AE-7268B1D2A170}.Debug|Any CPU.Build.0 = Debug|Any CPU
		{F83C7624-0646-4389-81AE-7268B1D2A170}.Release|Any CPU.ActiveCfg = Release|Any CPU
		{F83C7624-0646-4389-81AE-7268B1D2A170}.Release|Any CPU.Build.0 = Release|Any CPU
		{0C527560-363E-44EB-AE1E-AED4CD7F5B2B}.Debug|Any CPU.ActiveCfg = Debug|Any CPU
		{0C527560-363E-44EB-AE1E-AED4CD7F5B2B}.Debug|Any CPU.Build.0 = Debug|Any CPU
		{0C527560-363E-44EB-AE1E-AED4CD7F5B2B}.Release|Any CPU.ActiveCfg = Release|Any CPU
		{0C527560-363E-44EB-AE1E-AED4CD7F5B2B}.Release|Any CPU.Build.0 = Release|Any CPU
		{9366EEFE-0A94-4233-A9AE-A9D28B073744}.Debug|Any CPU.ActiveCfg = Debug|Any CPU
		{9366EEFE-0A94-4233-A9AE-A9D28B073744}.Debug|Any CPU.Build.0 = Debug|Any CPU
		{9366EEFE-0A94-4233-A9AE-A9D28B073744}.Release|Any CPU.ActiveCfg = Release|Any CPU
		{9366EEFE-0A94-4233-A9AE-A9D28B073744}.Release|Any CPU.Build.0 = Release|Any CPU
		{B99AB6FA-D6D1-47E3-A691-56EE63366FFD}.Debug|Any CPU.ActiveCfg = Debug|Any CPU
		{B99AB6FA-D6D1-47E3-A691-56EE63366FFD}.Debug|Any CPU.Build.0 = Debug|Any CPU
		{B99AB6FA-D6D1-47E3-A691-56EE63366FFD}.Release|Any CPU.ActiveCfg = Release|Any CPU
		{B99AB6FA-D6D1-47E3-A691-56EE63366FFD}.Release|Any CPU.Build.0 = Release|Any CPU
		{82FF0183-2615-4A03-A566-7B576F02DCF5}.Debug|Any CPU.ActiveCfg = Debug|Any CPU
		{82FF0183-2615-4A03-A566-7B576F02DCF5}.Debug|Any CPU.Build.0 = Debug|Any CPU
		{82FF0183-2615-4A03-A566-7B576F02DCF5}.Release|Any CPU.ActiveCfg = Release|Any CPU
		{82FF0183-2615-4A03-A566-7B576F02DCF5}.Release|Any CPU.Build.0 = Release|Any CPU
		{58CEDDBC-B222-488C-9B31-D93752BEB433}.Debug|Any CPU.ActiveCfg = Debug|Any CPU
		{58CEDDBC-B222-488C-9B31-D93752BEB433}.Debug|Any CPU.Build.0 = Debug|Any CPU
		{58CEDDBC-B222-488C-9B31-D93752BEB433}.Release|Any CPU.ActiveCfg = Release|Any CPU
		{58CEDDBC-B222-488C-9B31-D93752BEB433}.Release|Any CPU.Build.0 = Release|Any CPU
		{4AD7A51B-552B-40D9-8C4E-3FD3B81E1B51}.Debug|Any CPU.ActiveCfg = Debug|Any CPU
		{4AD7A51B-552B-40D9-8C4E-3FD3B81E1B51}.Debug|Any CPU.Build.0 = Debug|Any CPU
		{4AD7A51B-552B-40D9-8C4E-3FD3B81E1B51}.Release|Any CPU.ActiveCfg = Release|Any CPU
		{4AD7A51B-552B-40D9-8C4E-3FD3B81E1B51}.Release|Any CPU.Build.0 = Release|Any CPU
	EndGlobalSection
	GlobalSection(SolutionProperties) = preSolution
		HideSolutionNode = FALSE
	EndGlobalSection
	GlobalSection(ExtensibilityGlobals) = postSolution
		SolutionGuid = {1A2ADB17-FFC8-4E3A-8104-23366E8C99C2}
	EndGlobalSection
EndGlobal
